
Microsoft Visual Studio Solution File, Format Version 12.00
# Visual Studio Version 17
Project("{2150E333-8FDC-42A3-9474-1A3956D46DE8}") = "CMakePredefinedTargets", "CMakePredefinedTargets", "{50ADF67F-8890-35A2-8188-7617AE138E3F}"
EndProject
Project("{2150E333-8FDC-42A3-9474-1A3956D46DE8}") = "CTestDashboardTargets", "CTestDashboardTargets", "{EB26D226-C8E3-3854-99F1-94405ED456A2}"
EndProject
Project("{2150E333-8FDC-42A3-9474-1A3956D46DE8}") = "QtInternalTargets", "QtInternalTargets", "{EC76CD42-6F5E-36CD-9DB2-A9E8098D43B3}"
EndProject
Project("{2150E333-8FDC-42A3-9474-1A3956D46DE8}") = "QmlLinter", "QtInternalTargets\QmlLinter", "{E7D03F94-5D22-3A7F-BE1D-84F72B188064}"
EndProject
Project("{8BC9CEB8-8B4A-11D0-8D11-00A0C91BC942}") = "ALL_BUILD", "ALL_BUILD.vcxproj", "{4EC5339B-95BF-3C05-AD84-535E6C62952B}"
	ProjectSection(ProjectDependencies) = postProject
		{A39146F6-4C3A-334E-B43D-21AA3A7D4903} = {A39146F6-4C3A-334E-B43D-21AA3A7D4903}
		{0BFBDEA1-1688-312B-AAB2-30CD724FB6FB} = {0BFBDEA1-1688-312B-AAB2-30CD724FB6FB}
		{03D052A6-EE6E-3A67-B0A8-5CC33C409204} = {03D052A6-EE6E-3A67-B0A8-5CC33C409204}
		{02D63193-63BF-3F98-8195-FE35CB578794} = {02D63193-63BF-3F98-8195-FE35CB578794}
	EndProjectSection
EndProject
Project("{8BC9CEB8-8B4A-11D0-8D11-00A0C91BC942}") = "BoardModeToolApp", "BoardModeToolApp.vcxproj", "{A39146F6-4C3A-334E-B43D-21AA3A7D4903}"
	ProjectSection(ProjectDependencies) = postProject
		{761C98B8-D22C-3672-A71F-10EE647322F3} = {761C98B8-D22C-3672-A71F-10EE647322F3}
		{0F739BCA-8078-39DA-88DA-4B117CA0BF4C} = {0F739BCA-8078-39DA-88DA-4B117CA0BF4C}
		{8684169F-7482-3993-9001-E579779B8207} = {8684169F-7482-3993-9001-E579779B8207}
		{5E6D89ED-5969-31D3-A735-B07FFC639006} = {5E6D89ED-5969-31D3-A735-B07FFC639006}
		{9988529B-5DBA-3413-A804-BAAEA8B7592C} = {9988529B-5DBA-3413-A804-BAAEA8B7592C}
		{02D63193-63BF-3F98-8195-FE35CB578794} = {02D63193-63BF-3F98-8195-FE35CB578794}
	EndProjectSection
EndProject
Project("{8BC9CEB8-8B4A-11D0-8D11-00A0C91BC942}") = "BoardModeToolApp_autogen", "BoardModeToolApp_autogen.vcxproj", "{761C98B8-D22C-3672-A71F-10EE647322F3}"
	ProjectSection(ProjectDependencies) = postProject
		{8684169F-7482-3993-9001-E579779B8207} = {8684169F-7482-3993-9001-E579779B8207}
		{5E6D89ED-5969-31D3-A735-B07FFC639006} = {5E6D89ED-5969-31D3-A735-B07FFC639006}
		{9988529B-5DBA-3413-A804-BAAEA8B7592C} = {9988529B-5DBA-3413-A804-BAAEA8B7592C}
		{02D63193-63BF-3F98-8195-FE35CB578794} = {02D63193-63BF-3F98-8195-FE35CB578794}
	EndProjectSection
EndProject
Project("{8BC9CEB8-8B4A-11D0-8D11-00A0C91BC942}") = "BoardModeToolApp_automoc_json_extraction", "BoardModeToolApp_automoc_json_extraction.vcxproj", "{0F739BCA-8078-39DA-88DA-4B117CA0BF4C}"
	ProjectSection(ProjectDependencies) = postProject
		{761C98B8-D22C-3672-A71F-10EE647322F3} = {761C98B8-D22C-3672-A71F-10EE647322F3}
		{02D63193-63BF-3F98-8195-FE35CB578794} = {02D63193-63BF-3F98-8195-FE35CB578794}
	EndProjectSection
EndProject
Project("{8BC9CEB8-8B4A-11D0-8D11-00A0C91BC942}") = "BoardModeToolApp_copy_qml", "BoardModeToolApp_copy_qml.vcxproj", "{8684169F-7482-3993-9001-E579779B8207}"
	ProjectSection(ProjectDependencies) = postProject
		{02D63193-63BF-3F98-8195-FE35CB578794} = {02D63193-63BF-3F98-8195-FE35CB578794}
	EndProjectSection
EndProject
Project("{8BC9CEB8-8B4A-11D0-8D11-00A0C91BC942}") = "BoardModeToolApp_copy_res", "BoardModeToolApp_copy_res.vcxproj", "{5E6D89ED-5969-31D3-A735-B07FFC639006}"
	ProjectSection(ProjectDependencies) = postProject
		{02D63193-63BF-3F98-8195-FE35CB578794} = {02D63193-63BF-3F98-8195-FE35CB578794}
	EndProjectSection
EndProject
Project("{8BC9CEB8-8B4A-11D0-8D11-00A0C91BC942}") = "BoardModeToolApp_qmlimportscan", "BoardModeToolApp_qmlimportscan.vcxproj", "{9988529B-5DBA-3413-A804-BAAEA8B7592C}"
	ProjectSection(ProjectDependencies) = postProject
		{02D63193-63BF-3F98-8195-FE35CB578794} = {02D63193-63BF-3F98-8195-FE35CB578794}
	EndProjectSection
EndProject
Project("{8BC9CEB8-8B4A-11D0-8D11-00A0C91BC942}") = "BoardModeToolApp_qmllint", "BoardModeToolApp_qmllint.vcxproj", "{DF0246FE-0956-36E2-963D-269D73C2DE19}"
	ProjectSection(ProjectDependencies) = postProject
		{02D63193-63BF-3F98-8195-FE35CB578794} = {02D63193-63BF-3F98-8195-FE35CB578794}
		{E0FB423F-D4EF-35F8-B00F-068B6AD40BCE} = {E0FB423F-D4EF-35F8-B00F-068B6AD40BCE}
	EndProjectSection
EndProject
Project("{8BC9CEB8-8B4A-11D0-8D11-00A0C91BC942}") = "BoardModeToolApp_qmllint_json", "BoardModeToolApp_qmllint_json.vcxproj", "{4ACE622C-7AE7-3439-B719-39058A04F26F}"
	ProjectSection(ProjectDependencies) = postProject
		{02D63193-63BF-3F98-8195-FE35CB578794} = {02D63193-63BF-3F98-8195-FE35CB578794}
		{E0FB423F-D4EF-35F8-B00F-068B6AD40BCE} = {E0FB423F-D4EF-35F8-B00F-068B6AD40BCE}
	EndProjectSection
EndProject
Project("{8BC9CEB8-8B4A-11D0-8D11-00A0C91BC942}") = "BoardModeToolApp_qmllint_module", "BoardModeToolApp_qmllint_module.vcxproj", "{AA0EF056-0CA9-3758-83B9-4C3B651D3B33}"
	ProjectSection(ProjectDependencies) = postProject
		{02D63193-63BF-3F98-8195-FE35CB578794} = {02D63193-63BF-3F98-8195-FE35CB578794}
		{E0FB423F-D4EF-35F8-B00F-068B6AD40BCE} = {E0FB423F-D4EF-35F8-B00F-068B6AD40BCE}
	EndProjectSection
EndProject
Project("{8BC9CEB8-8B4A-11D0-8D11-00A0C91BC942}") = "BoardModeToolApp_qmltyperegistration", "BoardModeToolApp_qmltyperegistration.vcxproj", "{372E86E6-9832-3851-A310-26CB9FA5561B}"
	ProjectSection(ProjectDependencies) = postProject
		{02D63193-63BF-3F98-8195-FE35CB578794} = {02D63193-63BF-3F98-8195-FE35CB578794}
	EndProjectSection
EndProject
Project("{8BC9CEB8-8B4A-11D0-8D11-00A0C91BC942}") = "Continuous", "Continuous.vcxproj", "{D5FB0ABB-877A-3E84-9D74-5541F67B1052}"
	ProjectSection(ProjectDependencies) = postProject
		{02D63193-63BF-3F98-8195-FE35CB578794} = {02D63193-63BF-3F98-8195-FE35CB578794}
	EndProjectSection
EndProject
Project("{8BC9CEB8-8B4A-11D0-8D11-00A0C91BC942}") = "Experimental", "Experimental.vcxproj", "{219F57CF-63FF-3B7D-94BE-02FDD843BA51}"
	ProjectSection(ProjectDependencies) = postProject
		{02D63193-63BF-3F98-8195-FE35CB578794} = {02D63193-63BF-3F98-8195-FE35CB578794}
	EndProjectSection
EndProject
Project("{8BC9CEB8-8B4A-11D0-8D11-00A0C91BC942}") = "MotionBenchApp", "MotionBenchApp.vcxproj", "{0BFBDEA1-1688-312B-AAB2-30CD724FB6FB}"
	ProjectSection(ProjectDependencies) = postProject
		{AB19BBDB-2B07-3211-9037-6F90878EB5FF} = {AB19BBDB-2B07-3211-9037-6F90878EB5FF}
		{487304E0-D6CB-3011-9A09-C831DEF7E0A7} = {487304E0-D6CB-3011-9A09-C831DEF7E0A7}
		{92DFA142-10AB-39D4-999E-9A988B001CFD} = {92DFA142-10AB-39D4-999E-9A988B001CFD}
		{6138C26E-134A-3D29-84DB-7E29EBB192BD} = {6138C26E-134A-3D29-84DB-7E29EBB192BD}
		{92A6678C-4566-3AD8-BC5E-86EA659ED1C8} = {92A6678C-4566-3AD8-BC5E-86EA659ED1C8}
		{02D63193-63BF-3F98-8195-FE35CB578794} = {02D63193-63BF-3F98-8195-FE35CB578794}
	EndProjectSection
EndProject
Project("{8BC9CEB8-8B4A-11D0-8D11-00A0C91BC942}") = "MotionBenchApp_autogen", "MotionBenchApp_autogen.vcxproj", "{AB19BBDB-2B07-3211-9037-6F90878EB5FF}"
	ProjectSection(ProjectDependencies) = postProject
		{92DFA142-10AB-39D4-999E-9A988B001CFD} = {92DFA142-10AB-39D4-999E-9A988B001CFD}
		{6138C26E-134A-3D29-84DB-7E29EBB192BD} = {6138C26E-134A-3D29-84DB-7E29EBB192BD}
		{92A6678C-4566-3AD8-BC5E-86EA659ED1C8} = {92A6678C-4566-3AD8-BC5E-86EA659ED1C8}
		{02D63193-63BF-3F98-8195-FE35CB578794} = {02D63193-63BF-3F98-8195-FE35CB578794}
	EndProjectSection
EndProject
Project("{8BC9CEB8-8B4A-11D0-8D11-00A0C91BC942}") = "MotionBenchApp_automoc_json_extraction", "MotionBenchApp_automoc_json_extraction.vcxproj", "{487304E0-D6CB-3011-9A09-C831DEF7E0A7}"
	ProjectSection(ProjectDependencies) = postProject
		{AB19BBDB-2B07-3211-9037-6F90878EB5FF} = {AB19BBDB-2B07-3211-9037-6F90878EB5FF}
		{02D63193-63BF-3F98-8195-FE35CB578794} = {02D63193-63BF-3F98-8195-FE35CB578794}
	EndProjectSection
EndProject
Project("{8BC9CEB8-8B4A-11D0-8D11-00A0C91BC942}") = "MotionBenchApp_copy_qml", "MotionBenchApp_copy_qml.vcxproj", "{92DFA142-10AB-39D4-999E-9A988B001CFD}"
	ProjectSection(ProjectDependencies) = postProject
		{02D63193-63BF-3F98-8195-FE35CB578794} = {02D63193-63BF-3F98-8195-FE35CB578794}
	EndProjectSection
EndProject
Project("{8BC9CEB8-8B4A-11D0-8D11-00A0C91BC942}") = "MotionBenchApp_copy_res", "MotionBenchApp_copy_res.vcxproj", "{6138C26E-134A-3D29-84DB-7E29EBB192BD}"
	ProjectSection(ProjectDependencies) = postProject
		{02D63193-63BF-3F98-8195-FE35CB578794} = {02D63193-63BF-3F98-8195-FE35CB578794}
	EndProjectSection
EndProject
Project("{8BC9CEB8-8B4A-11D0-8D11-00A0C91BC942}") = "MotionBenchApp_qmlimportscan", "MotionBenchApp_qmlimportscan.vcxproj", "{92A6678C-4566-3AD8-BC5E-86EA659ED1C8}"
	ProjectSection(ProjectDependencies) = postProject
		{02D63193-63BF-3F98-8195-FE35CB578794} = {02D63193-63BF-3F98-8195-FE35CB578794}
	EndProjectSection
EndProject
Project("{8BC9CEB8-8B4A-11D0-8D11-00A0C91BC942}") = "MotionBenchApp_qmllint", "MotionBenchApp_qmllint.vcxproj", "{27399658-71A9-3CE0-8877-244C0062BD06}"
	ProjectSection(ProjectDependencies) = postProject
		{02D63193-63BF-3F98-8195-FE35CB578794} = {02D63193-63BF-3F98-8195-FE35CB578794}
		{E0FB423F-D4EF-35F8-B00F-068B6AD40BCE} = {E0FB423F-D4EF-35F8-B00F-068B6AD40BCE}
	EndProjectSection
EndProject
Project("{8BC9CEB8-8B4A-11D0-8D11-00A0C91BC942}") = "MotionBenchApp_qmllint_json", "MotionBenchApp_qmllint_json.vcxproj", "{154E55C0-A2D8-321C-BF96-E010646F2BD2}"
	ProjectSection(ProjectDependencies) = postProject
		{02D63193-63BF-3F98-8195-FE35CB578794} = {02D63193-63BF-3F98-8195-FE35CB578794}
		{E0FB423F-D4EF-35F8-B00F-068B6AD40BCE} = {E0FB423F-D4EF-35F8-B00F-068B6AD40BCE}
	EndProjectSection
EndProject
Project("{8BC9CEB8-8B4A-11D0-8D11-00A0C91BC942}") = "MotionBenchApp_qmllint_module", "MotionBenchApp_qmllint_module.vcxproj", "{7B77EAD0-1572-3762-B3A4-ECF2E584CAB6}"
	ProjectSection(ProjectDependencies) = postProject
		{02D63193-63BF-3F98-8195-FE35CB578794} = {02D63193-63BF-3F98-8195-FE35CB578794}
		{E0FB423F-D4EF-35F8-B00F-068B6AD40BCE} = {E0FB423F-D4EF-35F8-B00F-068B6AD40BCE}
	EndProjectSection
EndProject
Project("{8BC9CEB8-8B4A-11D0-8D11-00A0C91BC942}") = "MotionBenchApp_qmltyperegistration", "MotionBenchApp_qmltyperegistration.vcxproj", "{9392D827-11A8-3E02-ACDD-8DC3D63E2235}"
	ProjectSection(ProjectDependencies) = postProject
		{02D63193-63BF-3F98-8195-FE35CB578794} = {02D63193-63BF-3F98-8195-FE35CB578794}
	EndProjectSection
EndProject
Project("{8BC9CEB8-8B4A-11D0-8D11-00A0C91BC942}") = "MotionBenchProtocolSmokeTest", "MotionBenchProtocolSmokeTest.vcxproj", "{03D052A6-EE6E-3A67-B0A8-5CC33C409204}"
	ProjectSection(ProjectDependencies) = postProject
		{02D63193-63BF-3F98-8195-FE35CB578794} = {02D63193-63BF-3F98-8195-FE35CB578794}
	EndProjectSection
EndProject
Project("{8BC9CEB8-8B4A-11D0-8D11-00A0C91BC942}") = "Nightly", "Nightly.vcxproj", "{9E33F76F-6F2D-3005-96E1-2FC3CC0996F5}"
	ProjectSection(ProjectDependencies) = postProject
		{02D63193-63BF-3F98-8195-FE35CB578794} = {02D63193-63BF-3F98-8195-FE35CB578794}
	EndProjectSection
EndProject
Project("{8BC9CEB8-8B4A-11D0-8D11-00A0C91BC942}") = "NightlyMemoryCheck", "NightlyMemoryCheck.vcxproj", "{9A5C9FB3-4B8E-37D9-8BA2-2E95A948CAC2}"
	ProjectSection(ProjectDependencies) = postProject
		{02D63193-63BF-3F98-8195-FE35CB578794} = {02D63193-63BF-3F98-8195-FE35CB578794}
	EndProjectSection
EndProject
Project("{8BC9CEB8-8B4A-11D0-8D11-00A0C91BC942}") = "RUN_TESTS", "RUN_TESTS.vcxproj", "{6EB32BA8-3C7C-35C9-967B-0519A788ABF7}"
	ProjectSection(ProjectDependencies) = postProject
		{02D63193-63BF-3F98-8195-FE35CB578794} = {02D63193-63BF-3F98-8195-FE35CB578794}
	EndProjectSection
EndProject
Project("{8BC9CEB8-8B4A-11D0-8D11-00A0C91BC942}") = "ZERO_CHECK", "ZERO_CHECK.vcxproj", "{02D63193-63BF-3F98-8195-FE35CB578794}"
	ProjectSection(ProjectDependencies) = postProject
	EndProjectSection
EndProject
Project("{8BC9CEB8-8B4A-11D0-8D11-00A0C91BC942}") = "all_aotstats", "all_aotstats.vcxproj", "{58B7501D-5122-341E-A276-40BFF7C34642}"
	ProjectSection(ProjectDependencies) = postProject
		{02D63193-63BF-3F98-8195-FE35CB578794} = {02D63193-63BF-3F98-8195-FE35CB578794}
		{4F448AA1-5F06-3F47-8BA1-EDD6716758D8} = {4F448AA1-5F06-3F47-8BA1-EDD6716758D8}
		{46345206-464B-3F8D-AAE7-AC7211C1347E} = {46345206-464B-3F8D-AAE7-AC7211C1347E}
	EndProjectSection
EndProject
Project("{8BC9CEB8-8B4A-11D0-8D11-00A0C91BC942}") = "all_qmllint", "all_qmllint.vcxproj", "{6214E2D7-028D-3104-B365-7176AC8E2C8A}"
	ProjectSection(ProjectDependencies) = postProject
		{02D63193-63BF-3F98-8195-FE35CB578794} = {02D63193-63BF-3F98-8195-FE35CB578794}
	EndProjectSection
EndProject
Project("{8BC9CEB8-8B4A-11D0-8D11-00A0C91BC942}") = "all_qmllint_json", "all_qmllint_json.vcxproj", "{7CA09F77-012D-3F14-8B2A-BB9DEE26CFEA}"
	ProjectSection(ProjectDependencies) = postProject
		{02D63193-63BF-3F98-8195-FE35CB578794} = {02D63193-63BF-3F98-8195-FE35CB578794}
	EndProjectSection
EndProject
Project("{8BC9CEB8-8B4A-11D0-8D11-00A0C91BC942}") = "all_qmllint_module", "all_qmllint_module.vcxproj", "{545C66DF-8807-3E22-8A50-1D60EF23DADD}"
	ProjectSection(ProjectDependencies) = postProject
		{02D63193-63BF-3F98-8195-FE35CB578794} = {02D63193-63BF-3F98-8195-FE35CB578794}
	EndProjectSection
EndProject
Project("{8BC9CEB8-8B4A-11D0-8D11-00A0C91BC942}") = "all_qmltyperegistrations", "all_qmltyperegistrations.vcxproj", "{E0FB423F-D4EF-35F8-B00F-068B6AD40BCE}"
	ProjectSection(ProjectDependencies) = postProject
		{372E86E6-9832-3851-A310-26CB9FA5561B} = {372E86E6-9832-3851-A310-26CB9FA5561B}
		{9392D827-11A8-3E02-ACDD-8DC3D63E2235} = {9392D827-11A8-3E02-ACDD-8DC3D63E2235}
		{02D63193-63BF-3F98-8195-FE35CB578794} = {02D63193-63BF-3F98-8195-FE35CB578794}
	EndProjectSection
EndProject
Project("{8BC9CEB8-8B4A-11D0-8D11-00A0C91BC942}") = "module_BoardModeToolApp_aotstats_target", "module_BoardModeToolApp_aotstats_target.vcxproj", "{4F448AA1-5F06-3F47-8BA1-EDD6716758D8}"
	ProjectSection(ProjectDependencies) = postProject
		{372E86E6-9832-3851-A310-26CB9FA5561B} = {372E86E6-9832-3851-A310-26CB9FA5561B}
		{02D63193-63BF-3F98-8195-FE35CB578794} = {02D63193-63BF-3F98-8195-FE35CB578794}
	EndProjectSection
EndProject
Project("{8BC9CEB8-8B4A-11D0-8D11-00A0C91BC942}") = "module_MotionBenchApp_aotstats_target", "module_MotionBenchApp_aotstats_target.vcxproj", "{46345206-464B-3F8D-AAE7-AC7211C1347E}"
	ProjectSection(ProjectDependencies) = postProject
		{9392D827-11A8-3E02-ACDD-8DC3D63E2235} = {9392D827-11A8-3E02-ACDD-8DC3D63E2235}
		{02D63193-63BF-3F98-8195-FE35CB578794} = {02D63193-63BF-3F98-8195-FE35CB578794}
	EndProjectSection
EndProject
Global
	GlobalSection(SolutionConfigurationPlatforms) = preSolution
		Debug|x64 = Debug|x64
		Release|x64 = Release|x64
		MinSizeRel|x64 = MinSizeRel|x64
		RelWithDebInfo|x64 = RelWithDebInfo|x64
	EndGlobalSection
	GlobalSection(ProjectConfigurationPlatforms) = postSolution
		{4EC5339B-95BF-3C05-AD84-535E6C62952B}.Debug|x64.ActiveCfg = Debug|x64
		{4EC5339B-95BF-3C05-AD84-535E6C62952B}.Release|x64.ActiveCfg = Release|x64
		{4EC5339B-95BF-3C05-AD84-535E6C62952B}.MinSizeRel|x64.ActiveCfg = MinSizeRel|x64
		{4EC5339B-95BF-3C05-AD84-535E6C62952B}.RelWithDebInfo|x64.ActiveCfg = RelWithDebInfo|x64
		{A39146F6-4C3A-334E-B43D-21AA3A7D4903}.Debug|x64.ActiveCfg = Debug|x64
		{A39146F6-4C3A-334E-B43D-21AA3A7D4903}.Debug|x64.Build.0 = Debug|x64
		{A39146F6-4C3A-334E-B43D-21AA3A7D4903}.Release|x64.ActiveCfg = Release|x64
		{A39146F6-4C3A-334E-B43D-21AA3A7D4903}.Release|x64.Build.0 = Release|x64
		{A39146F6-4C3A-334E-B43D-21AA3A7D4903}.MinSizeRel|x64.ActiveCfg = MinSizeRel|x64
		{A39146F6-4C3A-334E-B43D-21AA3A7D4903}.MinSizeRel|x64.Build.0 = MinSizeRel|x64
		{A39146F6-4C3A-334E-B43D-21AA3A7D4903}.RelWithDebInfo|x64.ActiveCfg = RelWithDebInfo|x64
		{A39146F6-4C3A-334E-B43D-21AA3A7D4903}.RelWithDebInfo|x64.Build.0 = RelWithDebInfo|x64
		{761C98B8-D22C-3672-A71F-10EE647322F3}.Debug|x64.ActiveCfg = Debug|x64
		{761C98B8-D22C-3672-A71F-10EE647322F3}.Debug|x64.Build.0 = Debug|x64
		{761C98B8-D22C-3672-A71F-10EE647322F3}.Release|x64.ActiveCfg = Release|x64
		{761C98B8-D22C-3672-A71F-10EE647322F3}.Release|x64.Build.0 = Release|x64
		{761C98B8-D22C-3672-A71F-10EE647322F3}.MinSizeRel|x64.ActiveCfg = MinSizeRel|x64
		{761C98B8-D22C-3672-A71F-10EE647322F3}.MinSizeRel|x64.Build.0 = MinSizeRel|x64
		{761C98B8-D22C-3672-A71F-10EE647322F3}.RelWithDebInfo|x64.ActiveCfg = RelWithDebInfo|x64
		{761C98B8-D22C-3672-A71F-10EE647322F3}.RelWithDebInfo|x64.Build.0 = RelWithDebInfo|x64
		{0F739BCA-8078-39DA-88DA-4B117CA0BF4C}.Debug|x64.ActiveCfg = Debug|x64
		{0F739BCA-8078-39DA-88DA-4B117CA0BF4C}.Debug|x64.Build.0 = Debug|x64
		{0F739BCA-8078-39DA-88DA-4B117CA0BF4C}.Release|x64.ActiveCfg = Release|x64
		{0F739BCA-8078-39DA-88DA-4B117CA0BF4C}.Release|x64.Build.0 = Release|x64
		{0F739BCA-8078-39DA-88DA-4B117CA0BF4C}.MinSizeRel|x64.ActiveCfg = MinSizeRel|x64
		{0F739BCA-8078-39DA-88DA-4B117CA0BF4C}.MinSizeRel|x64.Build.0 = MinSizeRel|x64
		{0F739BCA-8078-39DA-88DA-4B117CA0BF4C}.RelWithDebInfo|x64.ActiveCfg = RelWithDebInfo|x64
		{0F739BCA-8078-39DA-88DA-4B117CA0BF4C}.RelWithDebInfo|x64.Build.0 = RelWithDebInfo|x64
		{8684169F-7482-3993-9001-E579779B8207}.Debug|x64.ActiveCfg = Debug|x64
		{8684169F-7482-3993-9001-E579779B8207}.Debug|x64.Build.0 = Debug|x64
		{8684169F-7482-3993-9001-E579779B8207}.Release|x64.ActiveCfg = Release|x64
		{8684169F-7482-3993-9001-E579779B8207}.Release|x64.Build.0 = Release|x64
		{8684169F-7482-3993-9001-E579779B8207}.MinSizeRel|x64.ActiveCfg = MinSizeRel|x64
		{8684169F-7482-3993-9001-E579779B8207}.MinSizeRel|x64.Build.0 = MinSizeRel|x64
		{8684169F-7482-3993-9001-E579779B8207}.RelWithDebInfo|x64.ActiveCfg = RelWithDebInfo|x64
		{8684169F-7482-3993-9001-E579779B8207}.RelWithDebInfo|x64.Build.0 = RelWithDebInfo|x64
		{5E6D89ED-5969-31D3-A735-B07FFC639006}.Debug|x64.ActiveCfg = Debug|x64
		{5E6D89ED-5969-31D3-A735-B07FFC639006}.Debug|x64.Build.0 = Debug|x64
		{5E6D89ED-5969-31D3-A735-B07FFC639006}.Release|x64.ActiveCfg = Release|x64
		{5E6D89ED-5969-31D3-A735-B07FFC639006}.Release|x64.Build.0 = Release|x64
		{5E6D89ED-5969-31D3-A735-B07FFC639006}.MinSizeRel|x64.ActiveCfg = MinSizeRel|x64
		{5E6D89ED-5969-31D3-A735-B07FFC639006}.MinSizeRel|x64.Build.0 = MinSizeRel|x64
		{5E6D89ED-5969-31D3-A735-B07FFC639006}.RelWithDebInfo|x64.ActiveCfg = RelWithDebInfo|x64
		{5E6D89ED-5969-31D3-A735-B07FFC639006}.RelWithDebInfo|x64.Build.0 = RelWithDebInfo|x64
		{9988529B-5DBA-3413-A804-BAAEA8B7592C}.Debug|x64.ActiveCfg = Debug|x64
		{9988529B-5DBA-3413-A804-BAAEA8B7592C}.Debug|x64.Build.0 = Debug|x64
		{9988529B-5DBA-3413-A804-BAAEA8B7592C}.Release|x64.ActiveCfg = Release|x64
		{9988529B-5DBA-3413-A804-BAAEA8B7592C}.Release|x64.Build.0 = Release|x64
		{9988529B-5DBA-3413-A804-BAAEA8B7592C}.MinSizeRel|x64.ActiveCfg = MinSizeRel|x64
		{9988529B-5DBA-3413-A804-BAAEA8B7592C}.MinSizeRel|x64.Build.0 = MinSizeRel|x64
		{9988529B-5DBA-3413-A804-BAAEA8B7592C}.RelWithDebInfo|x64.ActiveCfg = RelWithDebInfo|x64
		{9988529B-5DBA-3413-A804-BAAEA8B7592C}.RelWithDebInfo|x64.Build.0 = RelWithDebInfo|x64
		{DF0246FE-0956-36E2-963D-269D73C2DE19}.Debug|x64.ActiveCfg = Debug|x64
		{DF0246FE-0956-36E2-963D-269D73C2DE19}.Release|x64.ActiveCfg = Release|x64
		{DF0246FE-0956-36E2-963D-269D73C2DE19}.MinSizeRel|x64.ActiveCfg = MinSizeRel|x64
		{DF0246FE-0956-36E2-963D-269D73C2DE19}.RelWithDebInfo|x64.ActiveCfg = RelWithDebInfo|x64
		{4ACE622C-7AE7-3439-B719-39058A04F26F}.Debug|x64.ActiveCfg = Debug|x64
		{4ACE622C-7AE7-3439-B719-39058A04F26F}.Release|x64.ActiveCfg = Release|x64
		{4ACE622C-7AE7-3439-B719-39058A04F26F}.MinSizeRel|x64.ActiveCfg = MinSizeRel|x64
		{4ACE622C-7AE7-3439-B719-39058A04F26F}.RelWithDebInfo|x64.ActiveCfg = RelWithDebInfo|x64
		{AA0EF056-0CA9-3758-83B9-4C3B651D3B33}.Debug|x64.ActiveCfg = Debug|x64
		{AA0EF056-0CA9-3758-83B9-4C3B651D3B33}.Release|x64.ActiveCfg = Release|x64
		{AA0EF056-0CA9-3758-83B9-4C3B651D3B33}.MinSizeRel|x64.ActiveCfg = MinSizeRel|x64
		{AA0EF056-0CA9-3758-83B9-4C3B651D3B33}.RelWithDebInfo|x64.ActiveCfg = RelWithDebInfo|x64
		{372E86E6-9832-3851-A310-26CB9FA5561B}.Debug|x64.ActiveCfg = Debug|x64
		{372E86E6-9832-3851-A310-26CB9FA5561B}.Debug|x64.Build.0 = Debug|x64
		{372E86E6-9832-3851-A310-26CB9FA5561B}.Release|x64.ActiveCfg = Release|x64
		{372E86E6-9832-3851-A310-26CB9FA5561B}.Release|x64.Build.0 = Release|x64
		{372E86E6-9832-3851-A310-26CB9FA5561B}.MinSizeRel|x64.ActiveCfg = MinSizeRel|x64
		{372E86E6-9832-3851-A310-26CB9FA5561B}.MinSizeRel|x64.Build.0 = MinSizeRel|x64
		{372E86E6-9832-3851-A310-26CB9FA5561B}.RelWithDebInfo|x64.ActiveCfg = RelWithDebInfo|x64
		{372E86E6-9832-3851-A310-26CB9FA5561B}.RelWithDebInfo|x64.Build.0 = RelWithDebInfo|x64
		{D5FB0ABB-877A-3E84-9D74-5541F67B1052}.Debug|x64.ActiveCfg = Debug|x64
		{D5FB0ABB-877A-3E84-9D74-5541F67B1052}.Release|x64.ActiveCfg = Release|x64
		{D5FB0ABB-877A-3E84-9D74-5541F67B1052}.MinSizeRel|x64.ActiveCfg = MinSizeRel|x64
		{D5FB0ABB-877A-3E84-9D74-5541F67B1052}.RelWithDebInfo|x64.ActiveCfg = RelWithDebInfo|x64
		{219F57CF-63FF-3B7D-94BE-02FDD843BA51}.Debug|x64.ActiveCfg = Debug|x64
		{219F57CF-63FF-3B7D-94BE-02FDD843BA51}.Release|x64.ActiveCfg = Release|x64
		{219F57CF-63FF-3B7D-94BE-02FDD843BA51}.MinSizeRel|x64.ActiveCfg = MinSizeRel|x64
		{219F57CF-63FF-3B7D-94BE-02FDD843BA51}.RelWithDebInfo|x64.ActiveCfg = RelWithDebInfo|x64
		{0BFBDEA1-1688-312B-AAB2-30CD724FB6FB}.Debug|x64.ActiveCfg = Debug|x64
		{0BFBDEA1-1688-312B-AAB2-30CD724FB6FB}.Debug|x64.Build.0 = Debug|x64
		{0BFBDEA1-1688-312B-AAB2-30CD724FB6FB}.Release|x64.ActiveCfg = Release|x64
		{0BFBDEA1-1688-312B-AAB2-30CD724FB6FB}.Release|x64.Build.0 = Release|x64
		{0BFBDEA1-1688-312B-AAB2-30CD724FB6FB}.MinSizeRel|x64.ActiveCfg = MinSizeRel|x64
		{0BFBDEA1-1688-312B-AAB2-30CD724FB6FB}.MinSizeRel|x64.Build.0 = MinSizeRel|x64
		{0BFBDEA1-1688-312B-AAB2-30CD724FB6FB}.RelWithDebInfo|x64.ActiveCfg = RelWithDebInfo|x64
		{0BFBDEA1-1688-312B-AAB2-30CD724FB6FB}.RelWithDebInfo|x64.Build.0 = RelWithDebInfo|x64
		{AB19BBDB-2B07-3211-9037-6F90878EB5FF}.Debug|x64.ActiveCfg = Debug|x64
		{AB19BBDB-2B07-3211-9037-6F90878EB5FF}.Debug|x64.Build.0 = Debug|x64
		{AB19BBDB-2B07-3211-9037-6F90878EB5FF}.Release|x64.ActiveCfg = Release|x64
		{AB19BBDB-2B07-3211-9037-6F90878EB5FF}.Release|x64.Build.0 = Release|x64
		{AB19BBDB-2B07-3211-9037-6F90878EB5FF}.MinSizeRel|x64.ActiveCfg = MinSizeRel|x64
		{AB19BBDB-2B07-3211-9037-6F90878EB5FF}.MinSizeRel|x64.Build.0 = MinSizeRel|x64
		{AB19BBDB-2B07-3211-9037-6F90878EB5FF}.RelWithDebInfo|x64.ActiveCfg = RelWithDebInfo|x64
		{AB19BBDB-2B07-3211-9037-6F90878EB5FF}.RelWithDebInfo|x64.Build.0 = RelWithDebInfo|x64
		{487304E0-D6CB-3011-9A09-C831DEF7E0A7}.Debug|x64.ActiveCfg = Debug|x64
		{487304E0-D6CB-3011-9A09-C831DEF7E0A7}.Debug|x64.Build.0 = Debug|x64
		{487304E0-D6CB-3011-9A09-C831DEF7E0A7}.Release|x64.ActiveCfg = Release|x64
		{487304E0-D6CB-3011-9A09-C831DEF7E0A7}.Release|x64.Build.0 = Release|x64
		{487304E0-D6CB-3011-9A09-C831DEF7E0A7}.MinSizeRel|x64.ActiveCfg = MinSizeRel|x64
		{487304E0-D6CB-3011-9A09-C831DEF7E0A7}.MinSizeRel|x64.Build.0 = MinSizeRel|x64
		{487304E0-D6CB-3011-9A09-C831DEF7E0A7}.RelWithDebInfo|x64.ActiveCfg = RelWithDebInfo|x64
		{487304E0-D6CB-3011-9A09-C831DEF7E0A7}.RelWithDebInfo|x64.Build.0 = RelWithDebInfo|x64
		{92DFA142-10AB-39D4-999E-9A988B001CFD}.Debug|x64.ActiveCfg = Debug|x64
		{92DFA142-10AB-39D4-999E-9A988B001CFD}.Debug|x64.Build.0 = Debug|x64
		{92DFA142-10AB-39D4-999E-9A988B001CFD}.Release|x64.ActiveCfg = Release|x64
		{92DFA142-10AB-39D4-999E-9A988B001CFD}.Release|x64.Build.0 = Release|x64
		{92DFA142-10AB-39D4-999E-9A988B001CFD}.MinSizeRel|x64.ActiveCfg = MinSizeRel|x64
		{92DFA142-10AB-39D4-999E-9A988B001CFD}.MinSizeRel|x64.Build.0 = MinSizeRel|x64
		{92DFA142-10AB-39D4-999E-9A988B001CFD}.RelWithDebInfo|x64.ActiveCfg = RelWithDebInfo|x64
		{92DFA142-10AB-39D4-999E-9A988B001CFD}.RelWithDebInfo|x64.Build.0 = RelWithDebInfo|x64
		{6138C26E-134A-3D29-84DB-7E29EBB192BD}.Debug|x64.ActiveCfg = Debug|x64
		{6138C26E-134A-3D29-84DB-7E29EBB192BD}.Debug|x64.Build.0 = Debug|x64
		{6138C26E-134A-3D29-84DB-7E29EBB192BD}.Release|x64.ActiveCfg = Release|x64
		{6138C26E-134A-3D29-84DB-7E29EBB192BD}.Release|x64.Build.0 = Release|x64
		{6138C26E-134A-3D29-84DB-7E29EBB192BD}.MinSizeRel|x64.ActiveCfg = MinSizeRel|x64
		{6138C26E-134A-3D29-84DB-7E29EBB192BD}.MinSizeRel|x64.Build.0 = MinSizeRel|x64
		{6138C26E-134A-3D29-84DB-7E29EBB192BD}.RelWithDebInfo|x64.ActiveCfg = RelWithDebInfo|x64
		{6138C26E-134A-3D29-84DB-7E29EBB192BD}.RelWithDebInfo|x64.Build.0 = RelWithDebInfo|x64
		{92A6678C-4566-3AD8-BC5E-86EA659ED1C8}.Debug|x64.ActiveCfg = Debug|x64
		{92A6678C-4566-3AD8-BC5E-86EA659ED1C8}.Debug|x64.Build.0 = Debug|x64
		{92A6678C-4566-3AD8-BC5E-86EA659ED1C8}.Release|x64.ActiveCfg = Release|x64
		{92A6678C-4566-3AD8-BC5E-86EA659ED1C8}.Release|x64.Build.0 = Release|x64
		{92A6678C-4566-3AD8-BC5E-86EA659ED1C8}.MinSizeRel|x64.ActiveCfg = MinSizeRel|x64
		{92A6678C-4566-3AD8-BC5E-86EA659ED1C8}.MinSizeRel|x64.Build.0 = MinSizeRel|x64
		{92A6678C-4566-3AD8-BC5E-86EA659ED1C8}.RelWithDebInfo|x64.ActiveCfg = RelWithDebInfo|x64
		{92A6678C-4566-3AD8-BC5E-86EA659ED1C8}.RelWithDebInfo|x64.Build.0 = RelWithDebInfo|x64
		{27399658-71A9-3CE0-8877-244C0062BD06}.Debug|x64.ActiveCfg = Debug|x64
		{27399658-71A9-3CE0-8877-244C0062BD06}.Release|x64.ActiveCfg = Release|x64
		{27399658-71A9-3CE0-8877-244C0062BD06}.MinSizeRel|x64.ActiveCfg = MinSizeRel|x64
		{27399658-71A9-3CE0-8877-244C0062BD06}.RelWithDebInfo|x64.ActiveCfg = RelWithDebInfo|x64
		{154E55C0-A2D8-321C-BF96-E010646F2BD2}.Debug|x64.ActiveCfg = Debug|x64
		{154E55C0-A2D8-321C-BF96-E010646F2BD2}.Release|x64.ActiveCfg = Release|x64
		{154E55C0-A2D8-321C-BF96-E010646F2BD2}.MinSizeRel|x64.ActiveCfg = MinSizeRel|x64
		{154E55C0-A2D8-321C-BF96-E010646F2BD2}.RelWithDebInfo|x64.ActiveCfg = RelWithDebInfo|x64
		{7B77EAD0-1572-3762-B3A4-ECF2E584CAB6}.Debug|x64.ActiveCfg = Debug|x64
		{7B77EAD0-1572-3762-B3A4-ECF2E584CAB6}.Release|x64.ActiveCfg = Release|x64
		{7B77EAD0-1572-3762-B3A4-ECF2E584CAB6}.MinSizeRel|x64.ActiveCfg = MinSizeRel|x64
		{7B77EAD0-1572-3762-B3A4-ECF2E584CAB6}.RelWithDebInfo|x64.ActiveCfg = RelWithDebInfo|x64
		{9392D827-11A8-3E02-ACDD-8DC3D63E2235}.Debug|x64.ActiveCfg = Debug|x64
		{9392D827-11A8-3E02-ACDD-8DC3D63E2235}.Debug|x64.Build.0 = Debug|x64
		{9392D827-11A8-3E02-ACDD-8DC3D63E2235}.Release|x64.ActiveCfg = Release|x64
		{9392D827-11A8-3E02-ACDD-8DC3D63E2235}.Release|x64.Build.0 = Release|x64
		{9392D827-11A8-3E02-ACDD-8DC3D63E2235}.MinSizeRel|x64.ActiveCfg = MinSizeRel|x64
		{9392D827-11A8-3E02-ACDD-8DC3D63E2235}.MinSizeRel|x64.Build.0 = MinSizeRel|x64
		{9392D827-11A8-3E02-ACDD-8DC3D63E2235}.RelWithDebInfo|x64.ActiveCfg = RelWithDebInfo|x64
		{9392D827-11A8-3E02-ACDD-8DC3D63E2235}.RelWithDebInfo|x64.Build.0 = RelWithDebInfo|x64
		{03D052A6-EE6E-3A67-B0A8-5CC33C409204}.Debug|x64.ActiveCfg = Debug|x64
		{03D052A6-EE6E-3A67-B0A8-5CC33C409204}.Debug|x64.Build.0 = Debug|x64
		{03D052A6-EE6E-3A67-B0A8-5CC33C409204}.Release|x64.ActiveCfg = Release|x64
		{03D052A6-EE6E-3A67-B0A8-5CC33C409204}.Release|x64.Build.0 = Release|x64
		{03D052A6-EE6E-3A67-B0A8-5CC33C409204}.MinSizeRel|x64.ActiveCfg = MinSizeRel|x64
		{03D052A6-EE6E-3A67-B0A8-5CC33C409204}.MinSizeRel|x64.Build.0 = MinSizeRel|x64
		{03D052A6-EE6E-3A67-B0A8-5CC33C409204}.RelWithDebInfo|x64.ActiveCfg = RelWithDebInfo|x64
		{03D052A6-EE6E-3A67-B0A8-5CC33C409204}.RelWithDebInfo|x64.Build.0 = RelWithDebInfo|x64
		{9E33F76F-6F2D-3005-96E1-2FC3CC0996F5}.Debug|x64.ActiveCfg = Debug|x64
		{9E33F76F-6F2D-3005-96E1-2FC3CC0996F5}.Release|x64.ActiveCfg = Release|x64
		{9E33F76F-6F2D-3005-96E1-2FC3CC0996F5}.MinSizeRel|x64.ActiveCfg = MinSizeRel|x64
		{9E33F76F-6F2D-3005-96E1-2FC3CC0996F5}.RelWithDebInfo|x64.ActiveCfg = RelWithDebInfo|x64
		{9A5C9FB3-4B8E-37D9-8BA2-2E95A948CAC2}.Debug|x64.ActiveCfg = Debug|x64
		{9A5C9FB3-4B8E-37D9-8BA2-2E95A948CAC2}.Release|x64.ActiveCfg = Release|x64
		{9A5C9FB3-4B8E-37D9-8BA2-2E95A948CAC2}.MinSizeRel|x64.ActiveCfg = MinSizeRel|x64
		{9A5C9FB3-4B8E-37D9-8BA2-2E95A948CAC2}.RelWithDebInfo|x64.ActiveCfg = RelWithDebInfo|x64
		{6EB32BA8-3C7C-35C9-967B-0519A788ABF7}.Debug|x64.ActiveCfg = Debug|x64
		{6EB32BA8-3C7C-35C9-967B-0519A788ABF7}.Release|x64.ActiveCfg = Release|x64
		{6EB32BA8-3C7C-35C9-967B-0519A788ABF7}.MinSizeRel|x64.ActiveCfg = MinSizeRel|x64
		{6EB32BA8-3C7C-35C9-967B-0519A788ABF7}.RelWithDebInfo|x64.ActiveCfg = RelWithDebInfo|x64
		{02D63193-63BF-3F98-8195-FE35CB578794}.Debug|x64.ActiveCfg = Debug|x64
		{02D63193-63BF-3F98-8195-FE35CB578794}.Debug|x64.Build.0 = Debug|x64
		{02D63193-63BF-3F98-8195-FE35CB578794}.Release|x64.ActiveCfg = Release|x64
		{02D63193-63BF-3F98-8195-FE35CB578794}.Release|x64.Build.0 = Release|x64
		{02D63193-63BF-3F98-8195-FE35CB578794}.MinSizeRel|x64.ActiveCfg = MinSizeRel|x64
		{02D63193-63BF-3F98-8195-FE35CB578794}.MinSizeRel|x64.Build.0 = MinSizeRel|x64
		{02D63193-63BF-3F98-8195-FE35CB578794}.RelWithDebInfo|x64.ActiveCfg = RelWithDebInfo|x64
		{02D63193-63BF-3F98-8195-FE35CB578794}.RelWithDebInfo|x64.Build.0 = RelWithDebInfo|x64
		{58B7501D-5122-341E-A276-40BFF7C34642}.Debug|x64.ActiveCfg = Debug|x64
		{58B7501D-5122-341E-A276-40BFF7C34642}.Release|x64.ActiveCfg = Release|x64
		{58B7501D-5122-341E-A276-40BFF7C34642}.MinSizeRel|x64.ActiveCfg = MinSizeRel|x64
		{58B7501D-5122-341E-A276-40BFF7C34642}.RelWithDebInfo|x64.ActiveCfg = RelWithDebInfo|x64
		{6214E2D7-028D-3104-B365-7176AC8E2C8A}.Debug|x64.ActiveCfg = Debug|x64
		{6214E2D7-028D-3104-B365-7176AC8E2C8A}.Release|x64.ActiveCfg = Release|x64
		{6214E2D7-028D-3104-B365-7176AC8E2C8A}.MinSizeRel|x64.ActiveCfg = MinSizeRel|x64
		{6214E2D7-028D-3104-B365-7176AC8E2C8A}.RelWithDebInfo|x64.ActiveCfg = RelWithDebInfo|x64
		{7CA09F77-012D-3F14-8B2A-BB9DEE26CFEA}.Debug|x64.ActiveCfg = Debug|x64
		{7CA09F77-012D-3F14-8B2A-BB9DEE26CFEA}.Release|x64.ActiveCfg = Release|x64
		{7CA09F77-012D-3F14-8B2A-BB9DEE26CFEA}.MinSizeRel|x64.ActiveCfg = MinSizeRel|x64
		{7CA09F77-012D-3F14-8B2A-BB9DEE26CFEA}.RelWithDebInfo|x64.ActiveCfg = RelWithDebInfo|x64
		{545C66DF-8807-3E22-8A50-1D60EF23DADD}.Debug|x64.ActiveCfg = Debug|x64
		{545C66DF-8807-3E22-8A50-1D60EF23DADD}.Release|x64.ActiveCfg = Release|x64
		{545C66DF-8807-3E22-8A50-1D60EF23DADD}.MinSizeRel|x64.ActiveCfg = MinSizeRel|x64
		{545C66DF-8807-3E22-8A50-1D60EF23DADD}.RelWithDebInfo|x64.ActiveCfg = RelWithDebInfo|x64
		{E0FB423F-D4EF-35F8-B00F-068B6AD40BCE}.Debug|x64.ActiveCfg = Debug|x64
		{E0FB423F-D4EF-35F8-B00F-068B6AD40BCE}.Debug|x64.Build.0 = Debug|x64
		{E0FB423F-D4EF-35F8-B00F-068B6AD40BCE}.Release|x64.ActiveCfg = Release|x64
		{E0FB423F-D4EF-35F8-B00F-068B6AD40BCE}.Release|x64.Build.0 = Release|x64
		{E0FB423F-D4EF-35F8-B00F-068B6AD40BCE}.MinSizeRel|x64.ActiveCfg = MinSizeRel|x64
		{E0FB423F-D4EF-35F8-B00F-068B6AD40BCE}.MinSizeRel|x64.Build.0 = MinSizeRel|x64
		{E0FB423F-D4EF-35F8-B00F-068B6AD40BCE}.RelWithDebInfo|x64.ActiveCfg = RelWithDebInfo|x64
		{E0FB423F-D4EF-35F8-B00F-068B6AD40BCE}.RelWithDebInfo|x64.Build.0 = RelWithDebInfo|x64
		{4F448AA1-5F06-3F47-8BA1-EDD6716758D8}.Debug|x64.ActiveCfg = Debug|x64
		{4F448AA1-5F06-3F47-8BA1-EDD6716758D8}.Debug|x64.Build.0 = Debug|x64
		{4F448AA1-5F06-3F47-8BA1-EDD6716758D8}.Release|x64.ActiveCfg = Release|x64
		{4F448AA1-5F06-3F47-8BA1-EDD6716758D8}.Release|x64.Build.0 = Release|x64
		{4F448AA1-5F06-3F47-8BA1-EDD6716758D8}.MinSizeRel|x64.ActiveCfg = MinSizeRel|x64
		{4F448AA1-5F06-3F47-8BA1-EDD6716758D8}.MinSizeRel|x64.Build.0 = MinSizeRel|x64
		{4F448AA1-5F06-3F47-8BA1-EDD6716758D8}.RelWithDebInfo|x64.ActiveCfg = RelWithDebInfo|x64
		{4F448AA1-5F06-3F47-8BA1-EDD6716758D8}.RelWithDebInfo|x64.Build.0 = RelWithDebInfo|x64
		{46345206-464B-3F8D-AAE7-AC7211C1347E}.Debug|x64.ActiveCfg = Debug|x64
		{46345206-464B-3F8D-AAE7-AC7211C1347E}.Debug|x64.Build.0 = Debug|x64
		{46345206-464B-3F8D-AAE7-AC7211C1347E}.Release|x64.ActiveCfg = Release|x64
		{46345206-464B-3F8D-AAE7-AC7211C1347E}.Release|x64.Build.0 = Release|x64
		{46345206-464B-3F8D-AAE7-AC7211C1347E}.MinSizeRel|x64.ActiveCfg = MinSizeRel|x64
		{46345206-464B-3F8D-AAE7-AC7211C1347E}.MinSizeRel|x64.Build.0 = MinSizeRel|x64
		{46345206-464B-3F8D-AAE7-AC7211C1347E}.RelWithDebInfo|x64.ActiveCfg = RelWithDebInfo|x64
		{46345206-464B-3F8D-AAE7-AC7211C1347E}.RelWithDebInfo|x64.Build.0 = RelWithDebInfo|x64
	EndGlobalSection
	GlobalSection(NestedProjects) = preSolution
		{4EC5339B-95BF-3C05-AD84-535E6C62952B} = {50ADF67F-8890-35A2-8188-7617AE138E3F}
		{6EB32BA8-3C7C-35C9-967B-0519A788ABF7} = {50ADF67F-8890-35A2-8188-7617AE138E3F}
		{02D63193-63BF-3F98-8195-FE35CB578794} = {50ADF67F-8890-35A2-8188-7617AE138E3F}
		{D5FB0ABB-877A-3E84-9D74-5541F67B1052} = {EB26D226-C8E3-3854-99F1-94405ED456A2}
		{219F57CF-63FF-3B7D-94BE-02FDD843BA51} = {EB26D226-C8E3-3854-99F1-94405ED456A2}
		{9E33F76F-6F2D-3005-96E1-2FC3CC0996F5} = {EB26D226-C8E3-3854-99F1-94405ED456A2}
		{9A5C9FB3-4B8E-37D9-8BA2-2E95A948CAC2} = {EB26D226-C8E3-3854-99F1-94405ED456A2}
		{761C98B8-D22C-3672-A71F-10EE647322F3} = {EC76CD42-6F5E-36CD-9DB2-A9E8098D43B3}
		{0F739BCA-8078-39DA-88DA-4B117CA0BF4C} = {EC76CD42-6F5E-36CD-9DB2-A9E8098D43B3}
		{8684169F-7482-3993-9001-E579779B8207} = {EC76CD42-6F5E-36CD-9DB2-A9E8098D43B3}
		{5E6D89ED-5969-31D3-A735-B07FFC639006} = {EC76CD42-6F5E-36CD-9DB2-A9E8098D43B3}
		{9988529B-5DBA-3413-A804-BAAEA8B7592C} = {EC76CD42-6F5E-36CD-9DB2-A9E8098D43B3}
		{372E86E6-9832-3851-A310-26CB9FA5561B} = {EC76CD42-6F5E-36CD-9DB2-A9E8098D43B3}
		{E7D03F94-5D22-3A7F-BE1D-84F72B188064} = {EC76CD42-6F5E-36CD-9DB2-A9E8098D43B3}
		{AB19BBDB-2B07-3211-9037-6F90878EB5FF} = {EC76CD42-6F5E-36CD-9DB2-A9E8098D43B3}
		{487304E0-D6CB-3011-9A09-C831DEF7E0A7} = {EC76CD42-6F5E-36CD-9DB2-A9E8098D43B3}
		{92DFA142-10AB-39D4-999E-9A988B001CFD} = {EC76CD42-6F5E-36CD-9DB2-A9E8098D43B3}
		{6138C26E-134A-3D29-84DB-7E29EBB192BD} = {EC76CD42-6F5E-36CD-9DB2-A9E8098D43B3}
		{92A6678C-4566-3AD8-BC5E-86EA659ED1C8} = {EC76CD42-6F5E-36CD-9DB2-A9E8098D43B3}
		{9392D827-11A8-3E02-ACDD-8DC3D63E2235} = {EC76CD42-6F5E-36CD-9DB2-A9E8098D43B3}
		{E0FB423F-D4EF-35F8-B00F-068B6AD40BCE} = {EC76CD42-6F5E-36CD-9DB2-A9E8098D43B3}
		{4F448AA1-5F06-3F47-8BA1-EDD6716758D8} = {EC76CD42-6F5E-36CD-9DB2-A9E8098D43B3}
		{46345206-464B-3F8D-AAE7-AC7211C1347E} = {EC76CD42-6F5E-36CD-9DB2-A9E8098D43B3}
		{DF0246FE-0956-36E2-963D-269D73C2DE19} = {E7D03F94-5D22-3A7F-BE1D-84F72B188064}
		{4ACE622C-7AE7-3439-B719-39058A04F26F} = {E7D03F94-5D22-3A7F-BE1D-84F72B188064}
		{AA0EF056-0CA9-3758-83B9-4C3B651D3B33} = {E7D03F94-5D22-3A7F-BE1D-84F72B188064}
		{27399658-71A9-3CE0-8877-244C0062BD06} = {E7D03F94-5D22-3A7F-BE1D-84F72B188064}
		{154E55C0-A2D8-321C-BF96-E010646F2BD2} = {E7D03F94-5D22-3A7F-BE1D-84F72B188064}
		{7B77EAD0-1572-3762-B3A4-ECF2E584CAB6} = {E7D03F94-5D22-3A7F-BE1D-84F72B188064}
		{6214E2D7-028D-3104-B365-7176AC8E2C8A} = {E7D03F94-5D22-3A7F-BE1D-84F72B188064}
		{7CA09F77-012D-3F14-8B2A-BB9DEE26CFEA} = {E7D03F94-5D22-3A7F-BE1D-84F72B188064}
		{545C66DF-8807-3E22-8A50-1D60EF23DADD} = {E7D03F94-5D22-3A7F-BE1D-84F72B188064}
	EndGlobalSection
	GlobalSection(ExtensibilityGlobals) = postSolution
		SolutionGuid = {DC11C766-A49A-3F67-8FE7-36740D852BC7}
	EndGlobalSection
	GlobalSection(ExtensibilityAddIns) = postSolution
	EndGlobalSection
EndGlobal
